
Microsoft Visual Studio Solution File, Format Version 12.00
# Visual Studio Version 17
VisualStudioVersion = 17.7.34031.279
MinimumVisualStudioVersion = 10.0.40219.1
Project("{FAE04EC0-301F-11D3-BF4B-00C04F79EFBC}") = "RuRuServer", "RuRuServer.csproj", "{AF600075-9D95-4F49-A27E-9618D8B0FBD0}"
EndProject
Global
	GlobalSection(SolutionConfigurationPlatforms) = preSolution
		Debug|Any CPU = Debug|Any CPU
		Release|Any CPU = Release|Any CPU
	EndGlobalSection
	GlobalSection(ProjectConfigurationPlatforms) = postSolution
		{AF600075-9D95-4F49-A27E-9618D8B0FBD0}.Debug|Any CPU.ActiveCfg = Debug|Any CPU
		{AF600075-9D95-4F49-A27E-9618D8B0FBD0}.Debug|Any CPU.Build.0 = Debug|Any CPU
		{AF600075-9D95-4F49-A27E-9618D8B0FBD0}.Release|Any CPU.ActiveCfg = Release|Any CPU
		{AF600075-9D95-4F49-A27E-9618D8B0FBD0}.Release|Any CPU.Build.0 = Release|Any CPU
	EndGlobalSection
	GlobalSection(SolutionProperties) = preSolution
		HideSolutionNode = FALSE
	EndGlobalSection
	GlobalSection(ExtensibilityGlobals) = postSolution
		SolutionGuid = {B24E842B-DA27-49CE-9876-5088AA002104}
	EndGlobalSection
EndGlobal
